{
    "version": 3,
    "terraform_version": "0.11.10",
    "serial": 30,
    "lineage": "3176378d-c9d9-3a8a-76a8-8067b89930a3",
    "modules": [
        {
            "path": [
                "root"
            ],
            "outputs": {},
            "resources": {
                "null_resource.foo_provisioning": {
                    "type": "null_resource",
                    "depends_on": [
                        "openstack_compute_instance_v2.Terraform_test_count.*",
                        "openstack_compute_instance_v2.Terraform_test_count_round.*"
                    ],
                    "primary": {
                        "id": "2431453412801962998",
                        "attributes": {
                            "id": "2431453412801962998"
                        },
                        "meta": {},
                        "tainted": false
                    },
                    "deposed": [],
                    "provider": "provider.null"
                },
                "openstack_compute_floatingip_associate_v2.fip_1.0": {
                    "type": "openstack_compute_floatingip_associate_v2",
                    "depends_on": [
                        "openstack_compute_instance_v2.Terraform_test_count.*",
                        "openstack_networking_floatingip_v2.fip_1.*"
                    ],
                    "primary": {
                        "id": "10.157.48.109/9de6bace-4f5d-4238-bc69-0813f241b9b8/",
                        "attributes": {
                            "fixed_ip": "",
                            "floating_ip": "10.157.48.109",
                            "id": "10.157.48.109/9de6bace-4f5d-4238-bc69-0813f241b9b8/",
                            "instance_id": "9de6bace-4f5d-4238-bc69-0813f241b9b8",
                            "region": ""
                        },
                        "meta": {
                            "e2bfb730-ecaa-11e6-8f88-34363bc7c4c0": {
                                "create": 600000000000
                            }
                        },
                        "tainted": false
                    },
                    "deposed": [],
                    "provider": "provider.openstack"
                },
                "openstack_compute_floatingip_associate_v2.fip_1.1": {
                    "type": "openstack_compute_floatingip_associate_v2",
                    "depends_on": [
                        "openstack_compute_instance_v2.Terraform_test_count.*",
                        "openstack_networking_floatingip_v2.fip_1.*"
                    ],
                    "primary": {
                        "id": "10.157.48.28/e24a0979-720d-46aa-aca9-e8dcf804aa8f/",
                        "attributes": {
                            "fixed_ip": "",
                            "floating_ip": "10.157.48.28",
                            "id": "10.157.48.28/e24a0979-720d-46aa-aca9-e8dcf804aa8f/",
                            "instance_id": "e24a0979-720d-46aa-aca9-e8dcf804aa8f",
                            "region": ""
                        },
                        "meta": {
                            "e2bfb730-ecaa-11e6-8f88-34363bc7c4c0": {
                                "create": 600000000000
                            }
                        },
                        "tainted": false
                    },
                    "deposed": [],
                    "provider": "provider.openstack"
                },
                "openstack_compute_floatingip_associate_v2.fip_1.2": {
                    "type": "openstack_compute_floatingip_associate_v2",
                    "depends_on": [
                        "openstack_compute_instance_v2.Terraform_test_count.*",
                        "openstack_networking_floatingip_v2.fip_1.*"
                    ],
                    "primary": {
                        "id": "10.157.48.23/e9f1ca15-f254-4588-ad3e-919f8011d31c/",
                        "attributes": {
                            "fixed_ip": "",
                            "floating_ip": "10.157.48.23",
                            "id": "10.157.48.23/e9f1ca15-f254-4588-ad3e-919f8011d31c/",
                            "instance_id": "e9f1ca15-f254-4588-ad3e-919f8011d31c",
                            "region": ""
                        },
                        "meta": {
                            "e2bfb730-ecaa-11e6-8f88-34363bc7c4c0": {
                                "create": 600000000000
                            }
                        },
                        "tainted": false
                    },
                    "deposed": [],
                    "provider": "provider.openstack"
                },
                "openstack_compute_floatingip_associate_v2.fip_1.3": {
                    "type": "openstack_compute_floatingip_associate_v2",
                    "depends_on": [
                        "openstack_compute_instance_v2.Terraform_test_count.*",
                        "openstack_networking_floatingip_v2.fip_1.*"
                    ],
                    "primary": {
                        "id": "10.157.48.29/721ca53f-8da1-4ead-b7e6-7509d1560ac9/",
                        "attributes": {
                            "fixed_ip": "",
                            "floating_ip": "10.157.48.29",
                            "id": "10.157.48.29/721ca53f-8da1-4ead-b7e6-7509d1560ac9/",
                            "instance_id": "721ca53f-8da1-4ead-b7e6-7509d1560ac9",
                            "region": ""
                        },
                        "meta": {
                            "e2bfb730-ecaa-11e6-8f88-34363bc7c4c0": {
                                "create": 600000000000
                            }
                        },
                        "tainted": false
                    },
                    "deposed": [],
                    "provider": "provider.openstack"
                },
                "openstack_compute_floatingip_associate_v2.fip_2.0": {
                    "type": "openstack_compute_floatingip_associate_v2",
                    "depends_on": [
                        "openstack_compute_instance_v2.Terraform_test_count_round.*",
                        "openstack_networking_floatingip_v2.fip_2.*"
                    ],
                    "primary": {
                        "id": "10.157.48.46/bf8e74d8-0343-4f1e-b9b5-6329c6676acc/",
                        "attributes": {
                            "fixed_ip": "",
                            "floating_ip": "10.157.48.46",
                            "id": "10.157.48.46/bf8e74d8-0343-4f1e-b9b5-6329c6676acc/",
                            "instance_id": "bf8e74d8-0343-4f1e-b9b5-6329c6676acc",
                            "region": ""
                        },
                        "meta": {
                            "e2bfb730-ecaa-11e6-8f88-34363bc7c4c0": {
                                "create": 600000000000
                            }
                        },
                        "tainted": false
                    },
                    "deposed": [],
                    "provider": "provider.openstack"
                },
                "openstack_compute_floatingip_associate_v2.fip_2.1": {
                    "type": "openstack_compute_floatingip_associate_v2",
                    "depends_on": [
                        "openstack_compute_instance_v2.Terraform_test_count_round.*",
                        "openstack_networking_floatingip_v2.fip_2.*"
                    ],
                    "primary": {
                        "id": "10.157.48.112/ace3d099-ad6a-43f7-b8f9-23ca7e4901f1/",
                        "attributes": {
                            "fixed_ip": "",
                            "floating_ip": "10.157.48.112",
                            "id": "10.157.48.112/ace3d099-ad6a-43f7-b8f9-23ca7e4901f1/",
                            "instance_id": "ace3d099-ad6a-43f7-b8f9-23ca7e4901f1",
                            "region": ""
                        },
                        "meta": {
                            "e2bfb730-ecaa-11e6-8f88-34363bc7c4c0": {
                                "create": 600000000000
                            }
                        },
                        "tainted": false
                    },
                    "deposed": [],
                    "provider": "provider.openstack"
                },
                "openstack_compute_instance_v2.Terraform_test_count.0": {
                    "type": "openstack_compute_instance_v2",
                    "depends_on": [],
                    "primary": {
                        "id": "721ca53f-8da1-4ead-b7e6-7509d1560ac9",
                        "attributes": {
                            "access_ip_v4": "172.25.60.10",
                            "access_ip_v6": "",
                            "all_metadata.%": "0",
                            "availability_zone": "AZ1",
                            "flavor_id": "22718066-96b9-474f-a073-8983f06c6539",
                            "flavor_name": "m1.large",
                            "force_delete": "false",
                            "id": "721ca53f-8da1-4ead-b7e6-7509d1560ac9",
                            "image_id": "8148a80c-8171-4e01-ad6e-97fbbe605a31",
                            "image_name": "RHEL-7.5",
                            "key_pair": "JC_LT_Key",
                            "name": "JC-RH-Terraform_test_count-01",
                            "network.#": "1",
                            "network.0.access_network": "false",
                            "network.0.fixed_ip_v4": "172.25.60.10",
                            "network.0.fixed_ip_v6": "",
                            "network.0.floating_ip": "",
                            "network.0.mac": "02:b8:d2:c6:29:0e",
                            "network.0.name": "Terraform",
                            "network.0.port": "",
                            "network.0.uuid": "241bc4da-82aa-490d-a73e-d50136805436",
                            "power_state": "active",
                            "region": "",
                            "security_groups.#": "2",
                            "security_groups.1663234275": "secgroup_test",
                            "security_groups.3814588639": "default",
                            "stop_before_destroy": "false"
                        },
                        "meta": {
                            "e2bfb730-ecaa-11e6-8f88-34363bc7c4c0": {
                                "create": 1800000000000,
                                "delete": 1800000000000,
                                "update": 1800000000000
                            }
                        },
                        "tainted": false
                    },
                    "deposed": [],
                    "provider": "provider.openstack"
                },
                "openstack_compute_instance_v2.Terraform_test_count.1": {
                    "type": "openstack_compute_instance_v2",
                    "depends_on": [],
                    "primary": {
                        "id": "9de6bace-4f5d-4238-bc69-0813f241b9b8",
                        "attributes": {
                            "access_ip_v4": "172.25.60.3",
                            "access_ip_v6": "",
                            "all_metadata.%": "0",
                            "availability_zone": "AZ1",
                            "flavor_id": "22718066-96b9-474f-a073-8983f06c6539",
                            "flavor_name": "m1.large",
                            "force_delete": "false",
                            "id": "9de6bace-4f5d-4238-bc69-0813f241b9b8",
                            "image_id": "8148a80c-8171-4e01-ad6e-97fbbe605a31",
                            "image_name": "RHEL-7.5",
                            "key_pair": "JC_LT_Key",
                            "name": "JC-RH-Terraform_test_count-02",
                            "network.#": "1",
                            "network.0.access_network": "false",
                            "network.0.fixed_ip_v4": "172.25.60.3",
                            "network.0.fixed_ip_v6": "",
                            "network.0.floating_ip": "",
                            "network.0.mac": "02:9e:4d:37:81:b8",
                            "network.0.name": "Terraform",
                            "network.0.port": "",
                            "network.0.uuid": "241bc4da-82aa-490d-a73e-d50136805436",
                            "power_state": "active",
                            "region": "",
                            "security_groups.#": "2",
                            "security_groups.1663234275": "secgroup_test",
                            "security_groups.3814588639": "default",
                            "stop_before_destroy": "false"
                        },
                        "meta": {
                            "e2bfb730-ecaa-11e6-8f88-34363bc7c4c0": {
                                "create": 1800000000000,
                                "delete": 1800000000000,
                                "update": 1800000000000
                            }
                        },
                        "tainted": false
                    },
                    "deposed": [],
                    "provider": "provider.openstack"
                },
                "openstack_compute_instance_v2.Terraform_test_count.2": {
                    "type": "openstack_compute_instance_v2",
                    "depends_on": [],
                    "primary": {
                        "id": "e24a0979-720d-46aa-aca9-e8dcf804aa8f",
                        "attributes": {
                            "access_ip_v4": "172.25.60.8",
                            "access_ip_v6": "",
                            "all_metadata.%": "0",
                            "availability_zone": "AZ1",
                            "flavor_id": "22718066-96b9-474f-a073-8983f06c6539",
                            "flavor_name": "m1.large",
                            "force_delete": "false",
                            "id": "e24a0979-720d-46aa-aca9-e8dcf804aa8f",
                            "image_id": "8148a80c-8171-4e01-ad6e-97fbbe605a31",
                            "image_name": "RHEL-7.5",
                            "key_pair": "JC_LT_Key",
                            "name": "JC-RH-Terraform_test_count-03",
                            "network.#": "1",
                            "network.0.access_network": "false",
                            "network.0.fixed_ip_v4": "172.25.60.8",
                            "network.0.fixed_ip_v6": "",
                            "network.0.floating_ip": "",
                            "network.0.mac": "02:d7:f4:02:26:ec",
                            "network.0.name": "Terraform",
                            "network.0.port": "",
                            "network.0.uuid": "241bc4da-82aa-490d-a73e-d50136805436",
                            "power_state": "active",
                            "region": "",
                            "security_groups.#": "2",
                            "security_groups.1663234275": "secgroup_test",
                            "security_groups.3814588639": "default",
                            "stop_before_destroy": "false"
                        },
                        "meta": {
                            "e2bfb730-ecaa-11e6-8f88-34363bc7c4c0": {
                                "create": 1800000000000,
                                "delete": 1800000000000,
                                "update": 1800000000000
                            }
                        },
                        "tainted": false
                    },
                    "deposed": [],
                    "provider": "provider.openstack"
                },
                "openstack_compute_instance_v2.Terraform_test_count.3": {
                    "type": "openstack_compute_instance_v2",
                    "depends_on": [],
                    "primary": {
                        "id": "e9f1ca15-f254-4588-ad3e-919f8011d31c",
                        "attributes": {
                            "access_ip_v4": "172.25.60.6",
                            "access_ip_v6": "",
                            "all_metadata.%": "0",
                            "availability_zone": "AZ1",
                            "flavor_id": "22718066-96b9-474f-a073-8983f06c6539",
                            "flavor_name": "m1.large",
                            "force_delete": "false",
                            "id": "e9f1ca15-f254-4588-ad3e-919f8011d31c",
                            "image_id": "8148a80c-8171-4e01-ad6e-97fbbe605a31",
                            "image_name": "RHEL-7.5",
                            "key_pair": "JC_LT_Key",
                            "name": "JC-RH-Terraform_test_count-04",
                            "network.#": "1",
                            "network.0.access_network": "false",
                            "network.0.fixed_ip_v4": "172.25.60.6",
                            "network.0.fixed_ip_v6": "",
                            "network.0.floating_ip": "",
                            "network.0.mac": "02:6a:fe:7f:eb:f0",
                            "network.0.name": "Terraform",
                            "network.0.port": "",
                            "network.0.uuid": "241bc4da-82aa-490d-a73e-d50136805436",
                            "power_state": "active",
                            "region": "",
                            "security_groups.#": "2",
                            "security_groups.1663234275": "secgroup_test",
                            "security_groups.3814588639": "default",
                            "stop_before_destroy": "false"
                        },
                        "meta": {
                            "e2bfb730-ecaa-11e6-8f88-34363bc7c4c0": {
                                "create": 1800000000000,
                                "delete": 1800000000000,
                                "update": 1800000000000
                            }
                        },
                        "tainted": false
                    },
                    "deposed": [],
                    "provider": "provider.openstack"
                },
                "openstack_compute_instance_v2.Terraform_test_count_round.0": {
                    "type": "openstack_compute_instance_v2",
                    "depends_on": [],
                    "primary": {
                        "id": "ace3d099-ad6a-43f7-b8f9-23ca7e4901f1",
                        "attributes": {
                            "access_ip_v4": "172.25.60.7",
                            "access_ip_v6": "",
                            "all_metadata.%": "0",
                            "availability_zone": "AZ1",
                            "flavor_id": "22718066-96b9-474f-a073-8983f06c6539",
                            "flavor_name": "m1.large",
                            "force_delete": "false",
                            "id": "ace3d099-ad6a-43f7-b8f9-23ca7e4901f1",
                            "image_id": "8148a80c-8171-4e01-ad6e-97fbbe605a31",
                            "image_name": "RHEL-7.5",
                            "key_pair": "JC_LT_Key",
                            "name": "JC-RH-Terraform_test_count-01",
                            "network.#": "1",
                            "network.0.access_network": "false",
                            "network.0.fixed_ip_v4": "172.25.60.7",
                            "network.0.fixed_ip_v6": "",
                            "network.0.floating_ip": "",
                            "network.0.mac": "02:0a:ae:29:eb:d2",
                            "network.0.name": "Terraform",
                            "network.0.port": "",
                            "network.0.uuid": "241bc4da-82aa-490d-a73e-d50136805436",
                            "power_state": "active",
                            "region": "",
                            "security_groups.#": "2",
                            "security_groups.1663234275": "secgroup_test",
                            "security_groups.3814588639": "default",
                            "stop_before_destroy": "false"
                        },
                        "meta": {
                            "e2bfb730-ecaa-11e6-8f88-34363bc7c4c0": {
                                "create": 1800000000000,
                                "delete": 1800000000000,
                                "update": 1800000000000
                            }
                        },
                        "tainted": false
                    },
                    "deposed": [],
                    "provider": "provider.openstack"
                },
                "openstack_compute_instance_v2.Terraform_test_count_round.1": {
                    "type": "openstack_compute_instance_v2",
                    "depends_on": [],
                    "primary": {
                        "id": "bf8e74d8-0343-4f1e-b9b5-6329c6676acc",
                        "attributes": {
                            "access_ip_v4": "172.25.60.5",
                            "access_ip_v6": "",
                            "all_metadata.%": "0",
                            "availability_zone": "nova",
                            "flavor_id": "22718066-96b9-474f-a073-8983f06c6539",
                            "flavor_name": "m1.large",
                            "force_delete": "false",
                            "id": "bf8e74d8-0343-4f1e-b9b5-6329c6676acc",
                            "image_id": "8148a80c-8171-4e01-ad6e-97fbbe605a31",
                            "image_name": "RHEL-7.5",
                            "key_pair": "JC_LT_Key",
                            "name": "JC-RH-Terraform_test_count-02",
                            "network.#": "1",
                            "network.0.access_network": "false",
                            "network.0.fixed_ip_v4": "172.25.60.5",
                            "network.0.fixed_ip_v6": "",
                            "network.0.floating_ip": "",
                            "network.0.mac": "02:bd:0a:39:f0:b1",
                            "network.0.name": "Terraform",
                            "network.0.port": "",
                            "network.0.uuid": "241bc4da-82aa-490d-a73e-d50136805436",
                            "power_state": "active",
                            "region": "",
                            "security_groups.#": "2",
                            "security_groups.1663234275": "secgroup_test",
                            "security_groups.3814588639": "default",
                            "stop_before_destroy": "false"
                        },
                        "meta": {
                            "e2bfb730-ecaa-11e6-8f88-34363bc7c4c0": {
                                "create": 1800000000000,
                                "delete": 1800000000000,
                                "update": 1800000000000
                            }
                        },
                        "tainted": false
                    },
                    "deposed": [],
                    "provider": "provider.openstack"
                },
                "openstack_compute_secgroup_v2.secgroup_test": {
                    "type": "openstack_compute_secgroup_v2",
                    "depends_on": [],
                    "primary": {
                        "id": "b10d5cd9-e96c-484a-aa16-a6ed16065bd5",
                        "attributes": {
                            "description": "my security group",
                            "id": "b10d5cd9-e96c-484a-aa16-a6ed16065bd5",
                            "name": "secgroup_test",
                            "region": "",
                            "rule.#": "2",
                            "rule.3719211069.cidr": "0.0.0.0/0",
                            "rule.3719211069.from_group_id": "",
                            "rule.3719211069.from_port": "80",
                            "rule.3719211069.id": "f9706607-7be2-43b4-8a97-66508cbe05b9",
                            "rule.3719211069.ip_protocol": "tcp",
                            "rule.3719211069.self": "false",
                            "rule.3719211069.to_port": "80",
                            "rule.836640770.cidr": "0.0.0.0/0",
                            "rule.836640770.from_group_id": "",
                            "rule.836640770.from_port": "22",
                            "rule.836640770.id": "be9f2f11-4d4e-460a-9d48-55df3fb4ebdd",
                            "rule.836640770.ip_protocol": "tcp",
                            "rule.836640770.self": "false",
                            "rule.836640770.to_port": "22"
                        },
                        "meta": {
                            "e2bfb730-ecaa-11e6-8f88-34363bc7c4c0": {
                                "delete": 600000000000
                            }
                        },
                        "tainted": false
                    },
                    "deposed": [],
                    "provider": "provider.openstack"
                },
                "openstack_networking_floatingip_v2.fip_1.0": {
                    "type": "openstack_networking_floatingip_v2",
                    "depends_on": [],
                    "primary": {
                        "id": "e3e5ea85-9c82-4178-aa91-d0ce4acc337e",
                        "attributes": {
                            "address": "10.157.48.29",
                            "fixed_ip": "",
                            "id": "e3e5ea85-9c82-4178-aa91-d0ce4acc337e",
                            "pool": "ext-net-nonprod2",
                            "port_id": "",
                            "region": "",
                            "tags.#": "0",
                            "tenant_id": "aa0d423822004fd4aab2b70b0ee2991a"
                        },
                        "meta": {
                            "e2bfb730-ecaa-11e6-8f88-34363bc7c4c0": {
                                "create": 600000000000,
                                "delete": 600000000000
                            }
                        },
                        "tainted": false
                    },
                    "deposed": [],
                    "provider": "provider.openstack"
                },
                "openstack_networking_floatingip_v2.fip_1.1": {
                    "type": "openstack_networking_floatingip_v2",
                    "depends_on": [],
                    "primary": {
                        "id": "9545ecd2-432c-4016-9d56-760dbbbf4b52",
                        "attributes": {
                            "address": "10.157.48.109",
                            "fixed_ip": "",
                            "id": "9545ecd2-432c-4016-9d56-760dbbbf4b52",
                            "pool": "ext-net-nonprod2",
                            "port_id": "",
                            "region": "",
                            "tags.#": "0",
                            "tenant_id": "aa0d423822004fd4aab2b70b0ee2991a"
                        },
                        "meta": {
                            "e2bfb730-ecaa-11e6-8f88-34363bc7c4c0": {
                                "create": 600000000000,
                                "delete": 600000000000
                            }
                        },
                        "tainted": false
                    },
                    "deposed": [],
                    "provider": "provider.openstack"
                },
                "openstack_networking_floatingip_v2.fip_1.2": {
                    "type": "openstack_networking_floatingip_v2",
                    "depends_on": [],
                    "primary": {
                        "id": "c9c03780-e118-44d3-a161-51a8fb9a6980",
                        "attributes": {
                            "address": "10.157.48.28",
                            "fixed_ip": "",
                            "id": "c9c03780-e118-44d3-a161-51a8fb9a6980",
                            "pool": "ext-net-nonprod2",
                            "port_id": "",
                            "region": "",
                            "tags.#": "0",
                            "tenant_id": "aa0d423822004fd4aab2b70b0ee2991a"
                        },
                        "meta": {
                            "e2bfb730-ecaa-11e6-8f88-34363bc7c4c0": {
                                "create": 600000000000,
                                "delete": 600000000000
                            }
                        },
                        "tainted": false
                    },
                    "deposed": [],
                    "provider": "provider.openstack"
                },
                "openstack_networking_floatingip_v2.fip_1.3": {
                    "type": "openstack_networking_floatingip_v2",
                    "depends_on": [],
                    "primary": {
                        "id": "10c0d406-a187-4ea8-8bd4-aa57007dba1d",
                        "attributes": {
                            "address": "10.157.48.23",
                            "fixed_ip": "",
                            "id": "10c0d406-a187-4ea8-8bd4-aa57007dba1d",
                            "pool": "ext-net-nonprod2",
                            "port_id": "",
                            "region": "",
                            "tags.#": "0",
                            "tenant_id": "aa0d423822004fd4aab2b70b0ee2991a"
                        },
                        "meta": {
                            "e2bfb730-ecaa-11e6-8f88-34363bc7c4c0": {
                                "create": 600000000000,
                                "delete": 600000000000
                            }
                        },
                        "tainted": false
                    },
                    "deposed": [],
                    "provider": "provider.openstack"
                },
                "openstack_networking_floatingip_v2.fip_2.0": {
                    "type": "openstack_networking_floatingip_v2",
                    "depends_on": [],
                    "primary": {
                        "id": "7a3c002e-3581-4ce1-b009-38d1493bc087",
                        "attributes": {
                            "address": "10.157.48.112",
                            "fixed_ip": "",
                            "id": "7a3c002e-3581-4ce1-b009-38d1493bc087",
                            "pool": "ext-net-nonprod2",
                            "port_id": "",
                            "region": "",
                            "tags.#": "0",
                            "tenant_id": "aa0d423822004fd4aab2b70b0ee2991a"
                        },
                        "meta": {
                            "e2bfb730-ecaa-11e6-8f88-34363bc7c4c0": {
                                "create": 600000000000,
                                "delete": 600000000000
                            }
                        },
                        "tainted": false
                    },
                    "deposed": [],
                    "provider": "provider.openstack"
                },
                "openstack_networking_floatingip_v2.fip_2.1": {
                    "type": "openstack_networking_floatingip_v2",
                    "depends_on": [],
                    "primary": {
                        "id": "962c8f77-9647-47d7-a1e0-b5cf28a923cc",
                        "attributes": {
                            "address": "10.157.48.46",
                            "fixed_ip": "",
                            "id": "962c8f77-9647-47d7-a1e0-b5cf28a923cc",
                            "pool": "ext-net-nonprod2",
                            "port_id": "",
                            "region": "",
                            "tags.#": "0",
                            "tenant_id": "aa0d423822004fd4aab2b70b0ee2991a"
                        },
                        "meta": {
                            "e2bfb730-ecaa-11e6-8f88-34363bc7c4c0": {
                                "create": 600000000000,
                                "delete": 600000000000
                            }
                        },
                        "tainted": false
                    },
                    "deposed": [],
                    "provider": "provider.openstack"
                },
                "openstack_networking_network_v2.Terraform": {
                    "type": "openstack_networking_network_v2",
                    "depends_on": [],
                    "primary": {
                        "id": "241bc4da-82aa-490d-a73e-d50136805436",
                        "attributes": {
                            "admin_state_up": "true",
                            "availability_zone_hints.#": "0",
                            "id": "241bc4da-82aa-490d-a73e-d50136805436",
                            "name": "Terraform",
                            "region": "",
                            "shared": "false",
                            "tags.#": "0",
                            "tenant_id": "aa0d423822004fd4aab2b70b0ee2991a"
                        },
                        "meta": {
                            "e2bfb730-ecaa-11e6-8f88-34363bc7c4c0": {
                                "create": 600000000000,
                                "delete": 600000000000
                            }
                        },
                        "tainted": false
                    },
                    "deposed": [],
                    "provider": "provider.openstack"
                },
                "openstack_networking_subnet_v2.Terraform_test_subnet": {
                    "type": "openstack_networking_subnet_v2",
                    "depends_on": [
                        "openstack_networking_network_v2.Terraform"
                    ],
                    "primary": {
                        "id": "d8cc0db4-9e92-461e-b01e-4cdd35314ed4",
                        "attributes": {
                            "allocation_pools.#": "1",
                            "allocation_pools.0.end": "172.25.60.254",
                            "allocation_pools.0.start": "172.25.60.2",
                            "cidr": "172.25.60.0/24",
                            "dns_nameservers.#": "0",
                            "enable_dhcp": "true",
                            "gateway_ip": "172.25.60.1",
                            "host_routes.#": "0",
                            "id": "d8cc0db4-9e92-461e-b01e-4cdd35314ed4",
                            "ip_version": "4",
                            "ipv6_address_mode": "",
                            "ipv6_ra_mode": "",
                            "name": "Test_subnet",
                            "network_id": "241bc4da-82aa-490d-a73e-d50136805436",
                            "no_gateway": "false",
                            "region": "",
                            "subnetpool_id": "",
                            "tags.#": "0",
                            "tenant_id": "aa0d423822004fd4aab2b70b0ee2991a"
                        },
                        "meta": {
                            "e2bfb730-ecaa-11e6-8f88-34363bc7c4c0": {
                                "create": 600000000000,
                                "delete": 600000000000
                            }
                        },
                        "tainted": false
                    },
                    "deposed": [],
                    "provider": "provider.openstack"
                }
            },
            "depends_on": []
        }
    ]
}
